# THIS IS AN AUTOGENERATED FILE. DO NOT EDIT THIS FILE DIRECTLY.
# yarn lockfile v1


"@types/bluebird@*":
  version "3.5.27"
  resolved "https://registry.yarnpkg.com/@types/bluebird/-/bluebird-3.5.27.tgz#61eb4d75dc6bfbce51cf49ee9bbebe941b2cb5d0"
  integrity sha512-6BmYWSBea18+tSjjSC3QIyV93ZKAeNWGM7R6aYt1ryTZXrlHF+QLV0G2yV0viEGVyRkyQsWfMoJ0k/YghBX5sQ==

"@types/body-parser@*":
  version "1.17.0"
  resolved "https://registry.yarnpkg.com/@types/body-parser/-/body-parser-1.17.0.tgz#9f5c9d9bd04bb54be32d5eb9fc0d8c974e6cf58c"
  integrity sha512-a2+YeUjPkztKJu5aIF2yArYFQQp8d51wZ7DavSHjFuY1mqVgidGyzEQ41JIVNy82fXj8yPgy2vJmfIywgESW6w==
  dependencies:
    "@types/connect" "*"
    "@types/node" "*"

"@types/bson@*":
  version "4.0.0"
  resolved "https://registry.yarnpkg.com/@types/bson/-/bson-4.0.0.tgz#9073772679d749116eb1dfca56f8eaac6d59cc7a"
  integrity sha512-pq/rqJwJWkbS10crsG5bgnrisL8pML79KlMKQMoQwLUjlPAkrUHMvHJ3oGwE7WHR61Lv/nadMwXVAD2b+fpD8Q==
  dependencies:
    "@types/node" "*"

"@types/connect@*":
  version "3.4.32"
  resolved "https://registry.yarnpkg.com/@types/connect/-/connect-3.4.32.tgz#aa0e9616b9435ccad02bc52b5b454ffc2c70ba28"
  integrity sha512-4r8qa0quOvh7lGD0pre62CAb1oni1OO6ecJLGCezTmhQ8Fz50Arx9RUszryR8KlgK6avuSXvviL6yWyViQABOg==
  dependencies:
    "@types/node" "*"

"@types/events@*":
  version "3.0.0"
  resolved "https://registry.yarnpkg.com/@types/events/-/events-3.0.0.tgz#2862f3f58a9a7f7c3e78d79f130dd4d71c25c2a7"
  integrity sha512-EaObqwIvayI5a8dCzhFrjKzVwKLxjoG9T6Ppd5CEo07LRKfQ8Yokw54r5+Wq7FaBQ+yXRvQAYPrHwya1/UFt9g==

"@types/express-serve-static-core@*":
  version "4.16.7"
  resolved "https://registry.yarnpkg.com/@types/express-serve-static-core/-/express-serve-static-core-4.16.7.tgz#50ba6f8a691c08a3dd9fa7fba25ef3133d298049"
  integrity sha512-847KvL8Q1y3TtFLRTXcVakErLJQgdpFSaq+k043xefz9raEf0C7HalpSY7OW5PyjCnY8P7bPW5t/Co9qqp+USg==
  dependencies:
    "@types/node" "*"
    "@types/range-parser" "*"

"@types/express@4.16.1":
  version "4.16.1"
  resolved "https://registry.yarnpkg.com/@types/express/-/express-4.16.1.tgz#d756bd1a85c34d87eaf44c888bad27ba8a4b7cf0"
  integrity sha512-V0clmJow23WeyblmACoxbHBu2JKlE5TiIme6Lem14FnPW9gsttyHtk6wq7njcdIWH1njAaFgR8gW09lgY98gQg==
  dependencies:
    "@types/body-parser" "*"
    "@types/express-serve-static-core" "*"
    "@types/serve-static" "*"

"@types/mime@*":
  version "2.0.1"
  resolved "https://registry.yarnpkg.com/@types/mime/-/mime-2.0.1.tgz#dc488842312a7f075149312905b5e3c0b054c79d"
  integrity sha512-FwI9gX75FgVBJ7ywgnq/P7tw+/o1GUbtP0KzbtusLigAOgIgNISRK0ZPl4qertvXSIE8YbsVJueQ90cDt9YYyw==

"@types/mongodb@^3.1.22":
  version "3.1.28"
  resolved "https://registry.yarnpkg.com/@types/mongodb/-/mongodb-3.1.28.tgz#c049cdff343788d77f5cc8c5f2e4af72ba7d047b"
  integrity sha512-tG+QqJ/hir2p0069ee28t2O9tlGRJKDq1WFZC2QYMlU47LGdldLL8tepfTq6aFLvP58OpwSoxaJ/qjW93ob1NQ==
  dependencies:
    "@types/bson" "*"
    "@types/node" "*"

"@types/node@*":
  version "12.0.8"
  resolved "https://registry.yarnpkg.com/@types/node/-/node-12.0.8.tgz#551466be11b2adc3f3d47156758f610bd9f6b1d8"
  integrity sha512-b8bbUOTwzIY3V5vDTY1fIJ+ePKDUBqt2hC2woVGotdQQhG/2Sh62HOKHrT7ab+VerXAcPyAiTEipPu/FsreUtg==

"@types/range-parser@*":
  version "1.2.3"
  resolved "https://registry.yarnpkg.com/@types/range-parser/-/range-parser-1.2.3.tgz#7ee330ba7caafb98090bece86a5ee44115904c2c"
  integrity sha512-ewFXqrQHlFsgc09MK5jP5iR7vumV/BYayNC6PgJO2LPe8vrnNFyjQjSppfEngITi0qvfKtzFvgKymGheFM9UOA==

"@types/redlock@3.0.2":
  version "3.0.2"
  resolved "https://registry.yarnpkg.com/@types/redlock/-/redlock-3.0.2.tgz#bfced314aa221724a7a88c45170fa7e33c6b2216"
  integrity sha512-U7RtmT2UkJvQiOIYVh+pNixcYG9XoSbsak0BLxB549wW9Vg0F+ggLh2z9LPT+WcTmX5j7BSKCV8u4scmk7htPw==
  dependencies:
    "@types/bluebird" "*"
    "@types/events" "*"

"@types/serve-static@*":
  version "1.13.2"
  resolved "https://registry.yarnpkg.com/@types/serve-static/-/serve-static-1.13.2.tgz#f5ac4d7a6420a99a6a45af4719f4dcd8cd907a48"
  integrity sha512-/BZ4QRLpH/bNYgZgwhKEh+5AsboDBcUdlBYgzoLX0fpj3Y2gp6EApyOlM3bK53wQS/OE1SrdSYBAbux2D1528Q==
  dependencies:
    "@types/express-serve-static-core" "*"
    "@types/mime" "*"
